
Microsoft Visual Studio Solution File, Format Version 12.00
# Visual Studio Version 16
VisualStudioVersion = 16.0.30225.117
MinimumVisualStudioVersion = 10.0.40219.1
Project("{FAE04EC0-301F-11D3-BF4B-00C04F79EFBC}") = "ToolkitForms", "ToolkitForms\ToolkitForms.csproj", "{FC108878-9DDB-41CC-A8C0-27121EA7C72D}"
EndProject
Project("{FAE04EC0-301F-11D3-BF4B-00C04F79EFBC}") = "Demo", "Demo\Demo.csproj", "{B80DC5A0-2CE0-4C6B-A9E0-EAE4AEE9A9D1}"
	ProjectSection(ProjectDependencies) = postProject
		{FC108878-9DDB-41CC-A8C0-27121EA7C72D} = {FC108878-9DDB-41CC-A8C0-27121EA7C72D}
	EndProjectSection
EndProject
Global
	GlobalSection(SolutionConfigurationPlatforms) = preSolution
		Debug|Any CPU = Debug|Any CPU
		Release|Any CPU = Release|Any CPU
	EndGlobalSection
	GlobalSection(ProjectConfigurationPlatforms) = postSolution
		{FC108878-9DDB-41CC-A8C0-27121EA7C72D}.Debug|Any CPU.ActiveCfg = Debug|Any CPU
		{FC108878-9DDB-41CC-A8C0-27121EA7C72D}.Debug|Any CPU.Build.0 = Debug|Any CPU
		{FC108878-9DDB-41CC-A8C0-27121EA7C72D}.Release|Any CPU.ActiveCfg = Release|Any CPU
		{FC108878-9DDB-41CC-A8C0-27121EA7C72D}.Release|Any CPU.Build.0 = Release|Any CPU
		{B80DC5A0-2CE0-4C6B-A9E0-EAE4AEE9A9D1}.Debug|Any CPU.ActiveCfg = Debug|Any CPU
		{B80DC5A0-2CE0-4C6B-A9E0-EAE4AEE9A9D1}.Debug|Any CPU.Build.0 = Debug|Any CPU
		{B80DC5A0-2CE0-4C6B-A9E0-EAE4AEE9A9D1}.Release|Any CPU.ActiveCfg = Release|Any CPU
		{B80DC5A0-2CE0-4C6B-A9E0-EAE4AEE9A9D1}.Release|Any CPU.Build.0 = Release|Any CPU
	EndGlobalSection
	GlobalSection(SolutionProperties) = preSolution
		HideSolutionNode = FALSE
	EndGlobalSection
	GlobalSection(ExtensibilityGlobals) = postSolution
		SolutionGuid = {17337E9C-B54C-4E44-9CA2-8454E061209D}
	EndGlobalSection
EndGlobal
